
Microsoft Visual Studio Solution File, Format Version 12.00
# Visual Studio Version 17
VisualStudioVersion = 17.3.32819.101
MinimumVisualStudioVersion = 10.0.40219.1
Project("{FAE04EC0-301F-11D3-BF4B-00C04F79EFBC}") = "TallerMecanicoJAYAP", "TallerMecanicoJAYAP\TallerMecanicoJAYAP.csproj", "{46D0676E-C303-46FA-A51E-F76E88FCE59E}"
EndProject
Global
	GlobalSection(SolutionConfigurationPlatforms) = preSolution
		Debug|Any CPU = Debug|Any CPU
		Release|Any CPU = Release|Any CPU
	EndGlobalSection
	GlobalSection(ProjectConfigurationPlatforms) = postSolution
		{46D0676E-C303-46FA-A51E-F76E88FCE59E}.Debug|Any CPU.ActiveCfg = Debug|Any CPU
		{46D0676E-C303-46FA-A51E-F76E88FCE59E}.Debug|Any CPU.Build.0 = Debug|Any CPU
		{46D0676E-C303-46FA-A51E-F76E88FCE59E}.Release|Any CPU.ActiveCfg = Release|Any CPU
		{46D0676E-C303-46FA-A51E-F76E88FCE59E}.Release|Any CPU.Build.0 = Release|Any CPU
	EndGlobalSection
	GlobalSection(SolutionProperties) = preSolution
		HideSolutionNode = FALSE
	EndGlobalSection
	GlobalSection(ExtensibilityGlobals) = postSolution
		SolutionGuid = {133FF690-9231-46DC-967B-CE1D3831F7BB}
	EndGlobalSection
EndGlobal
